# THIS IS AN AUTOGENERATED FILE. DO NOT EDIT THIS FILE DIRECTLY.
# yarn lockfile v1


"@rails/activestorage@^6.0.0":
  version "6.1.710"
  resolved "https://registry.yarnpkg.com/@rails/activestorage/-/activestorage-6.1.710.tgz#bc914716f642ba233f033b7765a44dc3bfb626f5"
  integrity sha512-hLXxAtn7hSWXkTzMGOmQmjuzJ0FzVw8j/Zi8DGS+DG9x4uPQjl+ZEVdty7pFcsBCjkpejtk0TChcBQlLW8sgOg==
  dependencies:
    spark-md5 "^3.0.0"

"@rails/ujs@^6.0.0":
  version "6.1.710"
  resolved "https://registry.yarnpkg.com/@rails/ujs/-/ujs-6.1.710.tgz#14cbf938c49985af51cca52d117f9c358ea4a579"
  integrity sha512-NUS8nUkYHGSn/EDg3oJCkpMweSKeFxA4ef6pcnW2fJEZ7RcoWdJa1rr9vamUoqzNR+Ctd8ezsgBMAjxUahVB1w==

spark-md5@^3.0.0:
  version "3.0.2"
  resolved "https://registry.yarnpkg.com/spark-md5/-/spark-md5-3.0.2.tgz#7952c4a30784347abcee73268e473b9c0167e3fc"
  integrity sha512-wcFzz9cDfbuqe0FZzfi2or1sgyIrsDwmPwfZC4hiNidPdPINjeUwNfv5kldczoEAcjl9Y1L3SM7Uz2PUEQzxQw==
